# This file is automatically @generated by Cargo.
# It is not intended for manual editing.
version = 4

[[package]]
name = "portable-atomic"
version = "1.13.1"
source = "registry+https://github.com/rust-lang/crates.io-index"
checksum = "c33a9471896f1c69cecef8d20cbe2f7accd12527ce60845ff44c153bb2a21b49"

[[package]]
name = "rust-transport-trait"
version = "0.1.0"
dependencies = [
 "zerodds-transport",
]

[[package]]
name = "zerodds-cdr"
version = "1.0.0-rc.3"
dependencies = [
 "zerodds-foundation",
]

[[package]]
name = "zerodds-foundation"
version = "1.0.0-rc.3"

[[package]]
name = "zerodds-qos"
version = "1.0.0-rc.3"
dependencies = [
 "zerodds-cdr",
]

[[package]]
name = "zerodds-rtps"
version = "1.0.0-rc.3"
dependencies = [
 "portable-atomic",
 "zerodds-cdr",
 "zerodds-foundation",
 "zerodds-qos",
 "zerodds-types",
]

[[package]]
name = "zerodds-transport"
version = "1.0.0-rc.3"
dependencies = [
 "zerodds-rtps",
]

[[package]]
name = "zerodds-types"
version = "1.0.0-rc.3"
dependencies = [
 "zerodds-cdr",
 "zerodds-foundation",
]
