# This file is automatically @generated by Cargo.
# It is not intended for manual editing.
version = 4

[[package]]
name = "idl-typeobject-proof"
version = "0.1.0"
dependencies = [
 "zerodds-types",
]

[[package]]
name = "zerodds-cdr"
version = "1.0.0-rc.3.1"
dependencies = [
 "zerodds-foundation",
]

[[package]]
name = "zerodds-foundation"
version = "1.0.0-rc.3.1"

[[package]]
name = "zerodds-types"
version = "1.0.0-rc.3.1"
dependencies = [
 "zerodds-cdr",
 "zerodds-foundation",
]
