# This file is automatically @generated by Cargo.
# It is not intended for manual editing.
version = 4

[[package]]
name = "rust-audit-otlp"
version = "0.1.0"
dependencies = [
 "zerodds-observability-otlp",
]

[[package]]
name = "zerodds-foundation"
version = "1.0.0-rc.3"

[[package]]
name = "zerodds-observability-otlp"
version = "1.0.0-rc.3"
dependencies = [
 "zerodds-foundation",
]
