# This file is automatically @generated by Cargo.
# It is not intended for manual editing.
version = 4

[[package]]
name = "hello-publisher"
version = "0.1.0"
dependencies = [
 "zerodds-dcps",
]

[[package]]
name = "libc"
version = "0.2.186"
source = "registry+https://github.com/rust-lang/crates.io-index"
checksum = "68ab91017fe16c622486840e4c83c9a37afeff978bd239b5293d61ece587de66"

[[package]]
name = "portable-atomic"
version = "1.13.1"
source = "registry+https://github.com/rust-lang/crates.io-index"
checksum = "c33a9471896f1c69cecef8d20cbe2f7accd12527ce60845ff44c153bb2a21b49"

[[package]]
name = "socket2"
version = "0.5.10"
source = "registry+https://github.com/rust-lang/crates.io-index"
checksum = "e22376abed350d73dd1cd119b57ffccad95b4e585a7cda43e286245ce23c0678"
dependencies = [
 "libc",
 "windows-sys",
]

[[package]]
name = "windows-sys"
version = "0.52.0"
source = "registry+https://github.com/rust-lang/crates.io-index"
checksum = "282be5f36a8ce781fad8c8ae18fa3f9beff57ec1b52cb3de0789201425d9a33d"
dependencies = [
 "windows-targets",
]

[[package]]
name = "windows-targets"
version = "0.52.6"
source = "registry+https://github.com/rust-lang/crates.io-index"
checksum = "9b724f72796e036ab90c1021d4780d4d3d648aca59e491e6b98e725b84e99973"
dependencies = [
 "windows_aarch64_gnullvm",
 "windows_aarch64_msvc",
 "windows_i686_gnu",
 "windows_i686_gnullvm",
 "windows_i686_msvc",
 "windows_x86_64_gnu",
 "windows_x86_64_gnullvm",
 "windows_x86_64_msvc",
]

[[package]]
name = "windows_aarch64_gnullvm"
version = "0.52.6"
source = "registry+https://github.com/rust-lang/crates.io-index"
checksum = "32a4622180e7a0ec044bb555404c800bc9fd9ec262ec147edd5989ccd0c02cd3"

[[package]]
name = "windows_aarch64_msvc"
version = "0.52.6"
source = "registry+https://github.com/rust-lang/crates.io-index"
checksum = "09ec2a7bb152e2252b53fa7803150007879548bc709c039df7627cabbd05d469"

[[package]]
name = "windows_i686_gnu"
version = "0.52.6"
source = "registry+https://github.com/rust-lang/crates.io-index"
checksum = "8e9b5ad5ab802e97eb8e295ac6720e509ee4c243f69d781394014ebfe8bbfa0b"

[[package]]
name = "windows_i686_gnullvm"
version = "0.52.6"
source = "registry+https://github.com/rust-lang/crates.io-index"
checksum = "0eee52d38c090b3caa76c563b86c3a4bd71ef1a819287c19d586d7334ae8ed66"

[[package]]
name = "windows_i686_msvc"
version = "0.52.6"
source = "registry+https://github.com/rust-lang/crates.io-index"
checksum = "240948bc05c5e7c6dabba28bf89d89ffce3e303022809e73deaefe4f6ec56c66"

[[package]]
name = "windows_x86_64_gnu"
version = "0.52.6"
source = "registry+https://github.com/rust-lang/crates.io-index"
checksum = "147a5c80aabfbf0c7d901cb5895d1de30ef2907eb21fbbab29ca94c5b08b1a78"

[[package]]
name = "windows_x86_64_gnullvm"
version = "0.52.6"
source = "registry+https://github.com/rust-lang/crates.io-index"
checksum = "24d5b23dc417412679681396f2b49f3de8c1473deb516bd34410872eff51ed0d"

[[package]]
name = "windows_x86_64_msvc"
version = "0.52.6"
source = "registry+https://github.com/rust-lang/crates.io-index"
checksum = "589f6da84c646204747d1270a2a5661ea66ed1cced2631d546fdfb155959f9ec"

[[package]]
name = "zerodds-cdr"
version = "1.0.0-rc.3"
source = "registry+https://github.com/rust-lang/crates.io-index"
checksum = "1618a3c04feb8a64b64f20f1c12336f5bfacab9907dc1a9bdf909f479f8dbd93"
dependencies = [
 "zerodds-foundation",
]

[[package]]
name = "zerodds-dcps"
version = "1.0.0-rc.3"
source = "registry+https://github.com/rust-lang/crates.io-index"
checksum = "f2106e6c8793c17bd6f362fbd00dce3d6c233a971d29863b8082959d7f47d69c"
dependencies = [
 "libc",
 "zerodds-cdr",
 "zerodds-discovery",
 "zerodds-foundation",
 "zerodds-monitor",
 "zerodds-qos",
 "zerodds-rtps",
 "zerodds-sql-filter",
 "zerodds-transport",
 "zerodds-transport-tcp",
 "zerodds-transport-udp",
 "zerodds-types",
]

[[package]]
name = "zerodds-discovery"
version = "1.0.0-rc.3"
source = "registry+https://github.com/rust-lang/crates.io-index"
checksum = "88b310831b0a39f176d40b7d076dc9da4be3e5e0114ac083d695893bb6394e18"
dependencies = [
 "zerodds-cdr",
 "zerodds-monitor",
 "zerodds-qos",
 "zerodds-rtps",
 "zerodds-security",
 "zerodds-types",
]

[[package]]
name = "zerodds-foundation"
version = "1.0.0-rc.3"
source = "registry+https://github.com/rust-lang/crates.io-index"
checksum = "f68983039ebb5c00ce7128d154c3a5ef55234c7ee3ca231e5f63cd5e3603bba8"

[[package]]
name = "zerodds-monitor"
version = "1.0.0-rc.3"
source = "registry+https://github.com/rust-lang/crates.io-index"
checksum = "42c3ad260d70c1ba2a3297502b23da81ee617ff387b0bc78ffbad20b8e6e895a"
dependencies = [
 "zerodds-foundation",
]

[[package]]
name = "zerodds-qos"
version = "1.0.0-rc.3"
source = "registry+https://github.com/rust-lang/crates.io-index"
checksum = "2bfe6ba62ea73a2b35c915517cc8ec11649a2266c3d371adde94d50a0c409d41"
dependencies = [
 "zerodds-cdr",
]

[[package]]
name = "zerodds-rtps"
version = "1.0.0-rc.3"
source = "registry+https://github.com/rust-lang/crates.io-index"
checksum = "c856a9b06bebb2cff0bf58d71f6a35cb063034b20f4890a3bb9339399a158ef6"
dependencies = [
 "portable-atomic",
 "zerodds-cdr",
 "zerodds-foundation",
 "zerodds-monitor",
 "zerodds-qos",
 "zerodds-types",
]

[[package]]
name = "zerodds-security"
version = "1.0.0-rc.3"
source = "registry+https://github.com/rust-lang/crates.io-index"
checksum = "3e7b58b994cd982c671cad9125af5e5ee403af61892a5da4f57e4c9f11b72a87"

[[package]]
name = "zerodds-sql-filter"
version = "1.0.0-rc.3"
source = "registry+https://github.com/rust-lang/crates.io-index"
checksum = "b18bc6f1cbc81a410a347ad7e8f886e36feb42ca0ac9da892ec666e253af2dfa"

[[package]]
name = "zerodds-transport"
version = "1.0.0-rc.3"
source = "registry+https://github.com/rust-lang/crates.io-index"
checksum = "8e5c825b939356e7a463b1b0c8c9bae7119ea7a881ccff01a57e42f78ea9dd8c"
dependencies = [
 "zerodds-rtps",
]

[[package]]
name = "zerodds-transport-tcp"
version = "1.0.0-rc.3"
source = "registry+https://github.com/rust-lang/crates.io-index"
checksum = "054b564ec1dd0825d89384fdd95d7c82d480ede8fab3f680df2feeeaf4a2b6d7"
dependencies = [
 "zerodds-rtps",
 "zerodds-transport",
]

[[package]]
name = "zerodds-transport-udp"
version = "1.0.0-rc.3"
source = "registry+https://github.com/rust-lang/crates.io-index"
checksum = "3e9c55705ca9cb7779e53dd4a49b99a57b6a84a877ecae33512cc7cdedf8cf87"
dependencies = [
 "libc",
 "socket2",
 "zerodds-monitor",
 "zerodds-rtps",
 "zerodds-transport",
]

[[package]]
name = "zerodds-types"
version = "1.0.0-rc.3"
source = "registry+https://github.com/rust-lang/crates.io-index"
checksum = "8b865e38664d675369d742667f2e48d3fb5c1c7b4f8bda80ca81ad12b0ddcc8d"
dependencies = [
 "zerodds-cdr",
 "zerodds-foundation",
]
